
Microsoft Visual Studio Solution File, Format Version 12.00
# Visual Studio 14
VisualStudioVersion = 14.0.24720.0
MinimumVisualStudioVersion = 10.0.40219.1
Project("{2150E333-8FDC-42A3-9474-1A3956D46DE8}") = "Engine", "Engine", "{87087710-5C2B-4B62-BB58-DA88A33A29EC}"
EndProject
Project("{2150E333-8FDC-42A3-9474-1A3956D46DE8}") = "Games", "Games", "{7781A23A-1CF9-4A60-9AD6-0EB6571CFA29}"
EndProject
Project("{8BC9CEB8-8B4A-11D0-8D11-00A0C91BC942}") = "UE4", "Intermediate\ProjectFiles\UE4.vcxproj", "{B2C20E6D-000B-4118-93B1-BE9188C4121C}"
EndProject
Project("{8BC9CEB8-8B4A-11D0-8D11-00A0C91BC942}") = "AversionInterceptor", "Intermediate\ProjectFiles\AversionInterceptor.vcxproj", "{14187B02-2FCC-4CE2-AC12-A5703CB8AC91}"
EndProject
Global
	GlobalSection(SolutionConfigurationPlatforms) = preSolution
		DebugGame Editor|Win32 = DebugGame Editor|Win32
		DebugGame Editor|Win64 = DebugGame Editor|Win64
		DebugGame|Win32 = DebugGame|Win32
		DebugGame|Win64 = DebugGame|Win64
		Development Editor|Win32 = Development Editor|Win32
		Development Editor|Win64 = Development Editor|Win64
		Development|Win32 = Development|Win32
		Development|Win64 = Development|Win64
		Shipping|Win32 = Shipping|Win32
		Shipping|Win64 = Shipping|Win64
	EndGlobalSection
	GlobalSection(ProjectConfigurationPlatforms) = postSolution
		{B2C20E6D-000B-4118-93B1-BE9188C4121C}.DebugGame Editor|Win32.ActiveCfg = BuiltWithUnrealBuildTool|Win32
		{B2C20E6D-000B-4118-93B1-BE9188C4121C}.DebugGame Editor|Win32.Build.0 = BuiltWithUnrealBuildTool|Win32
		{B2C20E6D-000B-4118-93B1-BE9188C4121C}.DebugGame Editor|Win64.ActiveCfg = BuiltWithUnrealBuildTool|Win32
		{B2C20E6D-000B-4118-93B1-BE9188C4121C}.DebugGame Editor|Win64.Build.0 = BuiltWithUnrealBuildTool|Win32
		{B2C20E6D-000B-4118-93B1-BE9188C4121C}.DebugGame|Win32.ActiveCfg = BuiltWithUnrealBuildTool|Win32
		{B2C20E6D-000B-4118-93B1-BE9188C4121C}.DebugGame|Win32.Build.0 = BuiltWithUnrealBuildTool|Win32
		{B2C20E6D-000B-4118-93B1-BE9188C4121C}.DebugGame|Win64.ActiveCfg = BuiltWithUnrealBuildTool|Win32
		{B2C20E6D-000B-4118-93B1-BE9188C4121C}.DebugGame|Win64.Build.0 = BuiltWithUnrealBuildTool|Win32
		{B2C20E6D-000B-4118-93B1-BE9188C4121C}.Development Editor|Win32.ActiveCfg = BuiltWithUnrealBuildTool|Win32
		{B2C20E6D-000B-4118-93B1-BE9188C4121C}.Development Editor|Win32.Build.0 = BuiltWithUnrealBuildTool|Win32
		{B2C20E6D-000B-4118-93B1-BE9188C4121C}.Development Editor|Win64.ActiveCfg = BuiltWithUnrealBuildTool|Win32
		{B2C20E6D-000B-4118-93B1-BE9188C4121C}.Development Editor|Win64.Build.0 = BuiltWithUnrealBuildTool|Win32
		{B2C20E6D-000B-4118-93B1-BE9188C4121C}.Development|Win32.ActiveCfg = BuiltWithUnrealBuildTool|Win32
		{B2C20E6D-000B-4118-93B1-BE9188C4121C}.Development|Win32.Build.0 = BuiltWithUnrealBuildTool|Win32
		{B2C20E6D-000B-4118-93B1-BE9188C4121C}.Development|Win64.ActiveCfg = BuiltWithUnrealBuildTool|Win32
		{B2C20E6D-000B-4118-93B1-BE9188C4121C}.Development|Win64.Build.0 = BuiltWithUnrealBuildTool|Win32
		{B2C20E6D-000B-4118-93B1-BE9188C4121C}.Shipping|Win32.ActiveCfg = BuiltWithUnrealBuildTool|Win32
		{B2C20E6D-000B-4118-93B1-BE9188C4121C}.Shipping|Win32.Build.0 = BuiltWithUnrealBuildTool|Win32
		{B2C20E6D-000B-4118-93B1-BE9188C4121C}.Shipping|Win64.ActiveCfg = BuiltWithUnrealBuildTool|Win32
		{B2C20E6D-000B-4118-93B1-BE9188C4121C}.Shipping|Win64.Build.0 = BuiltWithUnrealBuildTool|Win32
		{14187B02-2FCC-4CE2-AC12-A5703CB8AC91}.DebugGame Editor|Win32.ActiveCfg = DebugGame_Editor|Win32
		{14187B02-2FCC-4CE2-AC12-A5703CB8AC91}.DebugGame Editor|Win32.Build.0 = DebugGame_Editor|Win32
		{14187B02-2FCC-4CE2-AC12-A5703CB8AC91}.DebugGame Editor|Win64.ActiveCfg = DebugGame_Editor|x64
		{14187B02-2FCC-4CE2-AC12-A5703CB8AC91}.DebugGame Editor|Win64.Build.0 = DebugGame_Editor|x64
		{14187B02-2FCC-4CE2-AC12-A5703CB8AC91}.DebugGame|Win32.ActiveCfg = DebugGame_Game|Win32
		{14187B02-2FCC-4CE2-AC12-A5703CB8AC91}.DebugGame|Win32.Build.0 = DebugGame_Game|Win32
		{14187B02-2FCC-4CE2-AC12-A5703CB8AC91}.DebugGame|Win64.ActiveCfg = DebugGame_Game|x64
		{14187B02-2FCC-4CE2-AC12-A5703CB8AC91}.DebugGame|Win64.Build.0 = DebugGame_Game|x64
		{14187B02-2FCC-4CE2-AC12-A5703CB8AC91}.Development Editor|Win32.ActiveCfg = Development_Editor|Win32
		{14187B02-2FCC-4CE2-AC12-A5703CB8AC91}.Development Editor|Win32.Build.0 = Development_Editor|Win32
		{14187B02-2FCC-4CE2-AC12-A5703CB8AC91}.Development Editor|Win64.ActiveCfg = Development_Editor|x64
		{14187B02-2FCC-4CE2-AC12-A5703CB8AC91}.Development Editor|Win64.Build.0 = Development_Editor|x64
		{14187B02-2FCC-4CE2-AC12-A5703CB8AC91}.Development|Win32.ActiveCfg = Development_Game|Win32
		{14187B02-2FCC-4CE2-AC12-A5703CB8AC91}.Development|Win32.Build.0 = Development_Game|Win32
		{14187B02-2FCC-4CE2-AC12-A5703CB8AC91}.Development|Win64.ActiveCfg = Development_Game|x64
		{14187B02-2FCC-4CE2-AC12-A5703CB8AC91}.Development|Win64.Build.0 = Development_Game|x64
		{14187B02-2FCC-4CE2-AC12-A5703CB8AC91}.Shipping|Win32.ActiveCfg = Shipping_Game|Win32
		{14187B02-2FCC-4CE2-AC12-A5703CB8AC91}.Shipping|Win32.Build.0 = Shipping_Game|Win32
		{14187B02-2FCC-4CE2-AC12-A5703CB8AC91}.Shipping|Win64.ActiveCfg = Shipping_Game|x64
		{14187B02-2FCC-4CE2-AC12-A5703CB8AC91}.Shipping|Win64.Build.0 = Shipping_Game|x64
	EndGlobalSection
	GlobalSection(SolutionProperties) = preSolution
		HideSolutionNode = FALSE
	EndGlobalSection
	GlobalSection(NestedProjects) = preSolution
		{B2C20E6D-000B-4118-93B1-BE9188C4121C} = {87087710-5C2B-4B62-BB58-DA88A33A29EC}
		{14187B02-2FCC-4CE2-AC12-A5703CB8AC91} = {7781A23A-1CF9-4A60-9AD6-0EB6571CFA29}
	EndGlobalSection
EndGlobal
